{
	"requires": true,
	"lockfileVersion": 1,
	"dependencies": {
		"@actions/core": {
			"version": "1.2.7",
			"resolved": "https://registry.npmjs.org/@actions/core/-/core-1.2.7.tgz",
			"integrity": "sha512-kzLFD5BgEvq6ubcxdgPbRKGD2Qrgya/5j+wh4LZzqT915I0V3rED+MvjH6NXghbvk1MXknpNNQ3uKjXSEN00Ig=="
		},
		"@crowdin/crowdin-api-client": {
			"version": "1.11.0",
			"resolved": "https://registry.npmjs.org/@crowdin/crowdin-api-client/-/crowdin-api-client-1.11.0.tgz",
			"integrity": "sha512-Y+SGJ4ENIW7q0kx8EbRZaMV54dNuE9bYuMMd6qe6EEQ1/piKKRzJvKD/Kt3pm6eJpTI5grlOU8rGBejLEudYxA==",
			"requires": {
				"axios": "^0.21.1"
			}
		},
		"@types/adm-zip": {
			"version": "0.4.34",
			"resolved": "https://registry.npmjs.org/@types/adm-zip/-/adm-zip-0.4.34.tgz",
			"integrity": "sha512-8ToYLLAYhkRfcmmljrKi22gT2pqu7hGMDtORP1emwIEGmgUTZOsaDjzWFzW5N2frcFRz/50CWt4zA1CxJ73pmQ==",
			"dev": true,
			"requires": {
				"@types/node": "*"
			}
		},
		"@types/fs-extra": {
			"version": "9.0.11",
			"resolved": "https://registry.npmjs.org/@types/fs-extra/-/fs-extra-9.0.11.tgz",
			"integrity": "sha512-mZsifGG4QeQ7hlkhO56u7zt/ycBgGxSVsFI/6lGTU34VtwkiqrrSDgw0+ygs8kFGWcXnFQWMrzF2h7TtDFNixA==",
			"dev": true,
			"requires": {
				"@types/node": "*"
			}
		},
		"@types/node": {
			"version": "15.0.2",
			"resolved": "https://registry.npmjs.org/@types/node/-/node-15.0.2.tgz",
			"integrity": "sha512-p68+a+KoxpoB47015IeYZYRrdqMUcpbK8re/zpFB8Ld46LHC1lPEbp3EXgkEhAYEcPvjJF6ZO+869SQ0aH1dcA==",
			"dev": true
		},
		"@vercel/ncc": {
			"version": "0.28.5",
			"resolved": "https://registry.npmjs.org/@vercel/ncc/-/ncc-0.28.5.tgz",
			"integrity": "sha512-ZSwD4EDCon2EsnPZ2/Qcigx4N2DiuBLV/rDnF04giEPFuDeBeUDdnSTyYYfX8KNic/prrJuS1vUEmAOHmj+fRg==",
			"dev": true
		},
		"adm-zip": {
			"version": "0.5.5",
			"resolved": "https://registry.npmjs.org/adm-zip/-/adm-zip-0.5.5.tgz",
			"integrity": "sha512-IWwXKnCbirdbyXSfUDvCCrmYrOHANRZcc8NcRrvTlIApdl7PwE9oGcsYvNeJPAVY1M+70b4PxXGKIf8AEuiQ6w=="
		},
		"axios": {
			"version": "0.21.1",
			"resolved": "https://registry.npmjs.org/axios/-/axios-0.21.1.tgz",
			"integrity": "sha512-dKQiRHxGD9PPRIUNIWvZhPTPpl1rf/OxTYKsqKUDjBwYylTvV7SjSHJb9ratfyzM6wCdLCOYLzs73qpg5c4iGA==",
			"requires": {
				"follow-redirects": "^1.10.0"
			}
		},
		"follow-redirects": {
			"version": "1.14.0",
			"resolved": "https://registry.npmjs.org/follow-redirects/-/follow-redirects-1.14.0.tgz",
			"integrity": "sha512-0vRwd7RKQBTt+mgu87mtYeofLFZpTas2S9zY+jIeuLJMNvudIgF52nr19q40HOwH5RrhWIPuj9puybzSJiRrVg=="
		},
		"fs-extra": {
			"version": "10.0.0",
			"resolved": "https://registry.npmjs.org/fs-extra/-/fs-extra-10.0.0.tgz",
			"integrity": "sha512-C5owb14u9eJwizKGdchcDUQeFtlSHHthBk8pbX9Vc1PFZrLombudjDnNns88aYslCyF6IY5SUw3Roz6xShcEIQ==",
			"requires": {
				"graceful-fs": "^4.2.0",
				"jsonfile": "^6.0.1",
				"universalify": "^2.0.0"
			}
		},
		"graceful-fs": {
			"version": "4.2.6",
			"resolved": "https://registry.npmjs.org/graceful-fs/-/graceful-fs-4.2.6.tgz",
			"integrity": "sha512-nTnJ528pbqxYanhpDYsi4Rd8MAeaBA67+RZ10CM1m3bTAVFEDcd5AuA4a6W5YkGZ1iNXHzZz8T6TBKLeBuNriQ=="
		},
		"jsonfile": {
			"version": "6.1.0",
			"resolved": "https://registry.npmjs.org/jsonfile/-/jsonfile-6.1.0.tgz",
			"integrity": "sha512-5dgndWOriYSm5cnYaJNhalLNDKOqFwyDB/rr1E9ZsGciGvKPs8R2xYGCacuf3z6K1YKDz182fd+fY3cn3pMqXQ==",
			"requires": {
				"graceful-fs": "^4.1.6",
				"universalify": "^2.0.0"
			}
		},
		"removeNPMAbsolutePaths": {
			"version": "2.0.0",
			"resolved": "https://registry.npmjs.org/removeNPMAbsolutePaths/-/removeNPMAbsolutePaths-2.0.0.tgz",
			"integrity": "sha512-Hea7U6iJcD0NE/aqBqxBMPKeKaxjqMNyTTajmH2dH9hhafJ9Tem5r4UeJK8+BdE1MK9lqoOYqNM0Sq9rl1OIbQ==",
			"dev": true
		},
		"typescript": {
			"version": "4.2.4",
			"resolved": "https://registry.npmjs.org/typescript/-/typescript-4.2.4.tgz",
			"integrity": "sha512-V+evlYHZnQkaz8TRBuxTA92yZBPotr5H+WhQ7bD3hZUndx5tGOa1fuCgeSjxAzM1RiN5IzvadIXTVefuuwZCRg==",
			"dev": true
		},
		"universalify": {
			"version": "2.0.0",
			"resolved": "https://registry.npmjs.org/universalify/-/universalify-2.0.0.tgz",
			"integrity": "sha512-hAZsKq7Yy11Zu1DE0OzWjw7nnLZmJZYTDZZyEFHZdUhV8FkH5MCfoU1XMaxXovpyW5nq5scPqq0ZDP9Zyl04oQ=="
		}
	}
}
